
Microsoft Visual Studio Solution File, Format Version 12.00
# Visual Studio Version 17
VisualStudioVersion = 17.6.33723.286
MinimumVisualStudioVersion = 10.0.40219.1
Project("{9A19103F-16F7-4668-BE54-9A1E7A4F7556}") = "SNMPclocks", "SNMPclocks\SNMPclocks.csproj", "{2633391F-68DF-4491-B900-14EBDF702039}"
EndProject
Project("{FAE04EC0-301F-11D3-BF4B-00C04F79EFBC}") = "btoolbox-model-general", "btoolbox-model-general\btoolbox-model-general.csproj", "{39DADD58-FCF1-4416-9A8B-599D6A0F5ECA}"
EndProject
Project("{FAE04EC0-301F-11D3-BF4B-00C04F79EFBC}") = "btoolbox-gui-dragdrop", "btoolbox-gui-dragdrop\btoolbox-gui-dragdrop.csproj", "{78C8709D-334C-41FD-9AFC-C8C44101C0B7}"
EndProject
Project("{FAE04EC0-301F-11D3-BF4B-00C04F79EFBC}") = "btoolbox-gui-tables", "btoolbox-gui-tables\btoolbox-gui-tables.csproj", "{D33A090C-575F-41D9-9C2E-1342F3CF8D2E}"
EndProject
Project("{FAE04EC0-301F-11D3-BF4B-00C04F79EFBC}") = "btoolbox-gui-helpers", "btoolbox-gui-helpers\btoolbox-gui-helpers.csproj", "{B5559FA8-295B-44F8-BF57-B87EBC5F1AB9}"
EndProject
Global
	GlobalSection(SolutionConfigurationPlatforms) = preSolution
		Debug|Any CPU = Debug|Any CPU
		Release|Any CPU = Release|Any CPU
	EndGlobalSection
	GlobalSection(ProjectConfigurationPlatforms) = postSolution
		{2633391F-68DF-4491-B900-14EBDF702039}.Debug|Any CPU.ActiveCfg = Debug|Any CPU
		{2633391F-68DF-4491-B900-14EBDF702039}.Debug|Any CPU.Build.0 = Debug|Any CPU
		{2633391F-68DF-4491-B900-14EBDF702039}.Release|Any CPU.ActiveCfg = Release|Any CPU
		{2633391F-68DF-4491-B900-14EBDF702039}.Release|Any CPU.Build.0 = Release|Any CPU
		{39DADD58-FCF1-4416-9A8B-599D6A0F5ECA}.Debug|Any CPU.ActiveCfg = Debug|Any CPU
		{39DADD58-FCF1-4416-9A8B-599D6A0F5ECA}.Debug|Any CPU.Build.0 = Debug|Any CPU
		{39DADD58-FCF1-4416-9A8B-599D6A0F5ECA}.Release|Any CPU.ActiveCfg = Release|Any CPU
		{39DADD58-FCF1-4416-9A8B-599D6A0F5ECA}.Release|Any CPU.Build.0 = Release|Any CPU
		{78C8709D-334C-41FD-9AFC-C8C44101C0B7}.Debug|Any CPU.ActiveCfg = Debug|Any CPU
		{78C8709D-334C-41FD-9AFC-C8C44101C0B7}.Debug|Any CPU.Build.0 = Debug|Any CPU
		{78C8709D-334C-41FD-9AFC-C8C44101C0B7}.Release|Any CPU.ActiveCfg = Release|Any CPU
		{78C8709D-334C-41FD-9AFC-C8C44101C0B7}.Release|Any CPU.Build.0 = Release|Any CPU
		{D33A090C-575F-41D9-9C2E-1342F3CF8D2E}.Debug|Any CPU.ActiveCfg = Debug|Any CPU
		{D33A090C-575F-41D9-9C2E-1342F3CF8D2E}.Debug|Any CPU.Build.0 = Debug|Any CPU
		{D33A090C-575F-41D9-9C2E-1342F3CF8D2E}.Release|Any CPU.ActiveCfg = Release|Any CPU
		{D33A090C-575F-41D9-9C2E-1342F3CF8D2E}.Release|Any CPU.Build.0 = Release|Any CPU
		{B5559FA8-295B-44F8-BF57-B87EBC5F1AB9}.Debug|Any CPU.ActiveCfg = Debug|Any CPU
		{B5559FA8-295B-44F8-BF57-B87EBC5F1AB9}.Debug|Any CPU.Build.0 = Debug|Any CPU
		{B5559FA8-295B-44F8-BF57-B87EBC5F1AB9}.Release|Any CPU.ActiveCfg = Release|Any CPU
		{B5559FA8-295B-44F8-BF57-B87EBC5F1AB9}.Release|Any CPU.Build.0 = Release|Any CPU
	EndGlobalSection
	GlobalSection(SolutionProperties) = preSolution
		HideSolutionNode = FALSE
	EndGlobalSection
	GlobalSection(ExtensibilityGlobals) = postSolution
		SolutionGuid = {35E8CDC8-4C37-4E67-8EE7-8B15ACF2C54A}
	EndGlobalSection
EndGlobal
